{
  "originHash" : "ab4f58b02a3ee372fafc20ef826be3bbca8e9cd7a65bcee3eda81aee42252890",
  "pins" : [
    {
      "identity" : "swift-argument-parser",
      "kind" : "remoteSourceControl",
      "location" : "https://github.com/apple/swift-argument-parser.git",
      "state" : {
        "revision" : "309a47b2b1d9b5e991f36961c983ecec72275be3",
        "version" : "1.6.1"
      }
    },
    {
      "identity" : "swift-case-paths",
      "kind" : "remoteSourceControl",
      "location" : "https://github.com/pointfreeco/swift-case-paths",
      "state" : {
        "revision" : "5da6989aae464f324eef5c5b52bdb7974725ab81",
        "version" : "1.0.0"
      }
    },
    {
      "identity" : "swift-custom-dump",
      "kind" : "remoteSourceControl",
      "location" : "https://github.com/pointfreeco/swift-custom-dump.git",
      "state" : {
        "revision" : "3efbfba0e4e56c7187cc19137ee16b7c95346b79",
        "version" : "1.1.0"
      }
    },
    {
      "identity" : "swift-parsing",
      "kind" : "remoteSourceControl",
      "location" : "https://github.com/pointfreeco/swift-parsing.git",
      "state" : {
        "revision" : "a0e7d73f462c1c38c59dc40a3969ac40cea42950",
        "version" : "0.13.0"
      }
    },
    {
      "identity" : "xctest-dynamic-overlay",
      "kind" : "remoteSourceControl",
      "location" : "https://github.com/pointfreeco/xctest-dynamic-overlay",
      "state" : {
        "revision" : "23cbf2294e350076ea4dbd7d5d047c1e76b03631",
        "version" : "1.0.2"
      }
    }
  ],
  "version" : 3
}
